{
  "object": {
    "pins": [
      {
        "package": "CRuntime",
        "repositoryURL": "https://github.com/wickwirew/CRuntime.git",
        "state": {
          "branch": null,
          "revision": "95f911318d8c885f6fc05e971471f94adfd39405",
          "version": "2.1.2"
        }
      },
      {
        "package": "Runtime",
        "repositoryURL": "https://github.com/wickwirew/Runtime.git",
        "state": {
          "branch": null,
          "revision": "61c9776f47d2951bdc562486ad348e5e1ca2e180",
          "version": "2.1.1"
        }
      },
      {
        "package": "SemanticUI",
        "repositoryURL": "https://github.com/SwiftWebResources/SemanticUI-Swift.git",
        "state": {
          "branch": null,
          "revision": "eaa40d8f7c01e1aad896fb8747edd3a1b71dc41a",
          "version": "2.3.4"
        }
      },
      {
        "package": "swift-nio",
        "repositoryURL": "https://github.com/apple/swift-nio.git",
        "state": {
          "branch": null,
          "revision": "8066b0f581604e3711979307a4377457e2b0f007",
          "version": "2.9.0"
        }
      },
      {
        "package": "SwiftWebUI",
        "repositoryURL": "https://github.com/SwiftWebUI/SwiftWebUI.git",
        "state": {
          "branch": "master",
          "revision": "e3332cf39d3a81817f6862896ae3fe4dd8d94ced",
          "version": null
        }
      }
    ]
  },
  "version": 1
}
